
Microsoft Visual Studio Solution File, Format Version 12.00
# Visual Studio 15
VisualStudioVersion = 15.0.26228.4
MinimumVisualStudioVersion = 10.0.40219.1
Project("{FAE04EC0-301F-11D3-BF4B-00C04F79EFBC}") = "pare.Sample", "pare.Sample\pare.Sample.csproj", "{AB8CBB83-BD68-49D5-891C-D1E74A7B98B5}"
EndProject
Project("{FAE04EC0-301F-11D3-BF4B-00C04F79EFBC}") = "pare.EntityFrameworkCore.Seed", "pare.EntityFrameworkCore.Seed\pare.EntityFrameworkCore.Seed.csproj", "{735666C8-42C8-477D-8D9D-06759394A12D}"
EndProject
Project("{FAE04EC0-301F-11D3-BF4B-00C04F79EFBC}") = "pare.EntityFrameworkCore", "pare.EntityFrameworkCore\pare.EntityFrameworkCore.csproj", "{DC5E42D3-AA56-48E2-9A3E-85A3E634FB5C}"
EndProject
Project("{FAE04EC0-301F-11D3-BF4B-00C04F79EFBC}") = "pare.Common", "pare.Common\pare.Common.csproj", "{13B0CD3B-ECEA-406C-B3AB-FF1BA428885D}"
EndProject
Global
	GlobalSection(SolutionConfigurationPlatforms) = preSolution
		Debug|Any CPU = Debug|Any CPU
		Release|Any CPU = Release|Any CPU
	EndGlobalSection
	GlobalSection(ProjectConfigurationPlatforms) = postSolution
		{AB8CBB83-BD68-49D5-891C-D1E74A7B98B5}.Debug|Any CPU.ActiveCfg = Debug|Any CPU
		{AB8CBB83-BD68-49D5-891C-D1E74A7B98B5}.Debug|Any CPU.Build.0 = Debug|Any CPU
		{AB8CBB83-BD68-49D5-891C-D1E74A7B98B5}.Release|Any CPU.ActiveCfg = Release|Any CPU
		{AB8CBB83-BD68-49D5-891C-D1E74A7B98B5}.Release|Any CPU.Build.0 = Release|Any CPU
		{735666C8-42C8-477D-8D9D-06759394A12D}.Debug|Any CPU.ActiveCfg = Debug|Any CPU
		{735666C8-42C8-477D-8D9D-06759394A12D}.Debug|Any CPU.Build.0 = Debug|Any CPU
		{735666C8-42C8-477D-8D9D-06759394A12D}.Release|Any CPU.ActiveCfg = Release|Any CPU
		{735666C8-42C8-477D-8D9D-06759394A12D}.Release|Any CPU.Build.0 = Release|Any CPU
		{DC5E42D3-AA56-48E2-9A3E-85A3E634FB5C}.Debug|Any CPU.ActiveCfg = Debug|Any CPU
		{DC5E42D3-AA56-48E2-9A3E-85A3E634FB5C}.Debug|Any CPU.Build.0 = Debug|Any CPU
		{DC5E42D3-AA56-48E2-9A3E-85A3E634FB5C}.Release|Any CPU.ActiveCfg = Release|Any CPU
		{DC5E42D3-AA56-48E2-9A3E-85A3E634FB5C}.Release|Any CPU.Build.0 = Release|Any CPU
		{13B0CD3B-ECEA-406C-B3AB-FF1BA428885D}.Debug|Any CPU.ActiveCfg = Debug|Any CPU
		{13B0CD3B-ECEA-406C-B3AB-FF1BA428885D}.Debug|Any CPU.Build.0 = Debug|Any CPU
		{13B0CD3B-ECEA-406C-B3AB-FF1BA428885D}.Release|Any CPU.ActiveCfg = Release|Any CPU
		{13B0CD3B-ECEA-406C-B3AB-FF1BA428885D}.Release|Any CPU.Build.0 = Release|Any CPU
	EndGlobalSection
	GlobalSection(SolutionProperties) = preSolution
		HideSolutionNode = FALSE
	EndGlobalSection
EndGlobal
